
Microsoft Visual Studio Solution File, Format Version 12.00
# Visual Studio Version 16
VisualStudioVersion = 16.0.29613.14
MinimumVisualStudioVersion = 10.0.40219.1
Project("{8BC9CEB8-8B4A-11D0-8D11-00A0C91BC942}") = "Program3_BryanKhoo", "Program3_BryanKhoo\Program3_BryanKhoo.vcxproj", "{A59BA1A6-81FA-4837-82B9-69AD148C2FF0}"
EndProject
Global
	GlobalSection(SolutionConfigurationPlatforms) = preSolution
		Debug|x64 = Debug|x64
		Debug|x86 = Debug|x86
		Release|x64 = Release|x64
		Release|x86 = Release|x86
	EndGlobalSection
	GlobalSection(ProjectConfigurationPlatforms) = postSolution
		{A59BA1A6-81FA-4837-82B9-69AD148C2FF0}.Debug|x64.ActiveCfg = Debug|x64
		{A59BA1A6-81FA-4837-82B9-69AD148C2FF0}.Debug|x64.Build.0 = Debug|x64
		{A59BA1A6-81FA-4837-82B9-69AD148C2FF0}.Debug|x86.ActiveCfg = Debug|Win32
		{A59BA1A6-81FA-4837-82B9-69AD148C2FF0}.Debug|x86.Build.0 = Debug|Win32
		{A59BA1A6-81FA-4837-82B9-69AD148C2FF0}.Release|x64.ActiveCfg = Release|x64
		{A59BA1A6-81FA-4837-82B9-69AD148C2FF0}.Release|x64.Build.0 = Release|x64
		{A59BA1A6-81FA-4837-82B9-69AD148C2FF0}.Release|x86.ActiveCfg = Release|Win32
		{A59BA1A6-81FA-4837-82B9-69AD148C2FF0}.Release|x86.Build.0 = Release|Win32
	EndGlobalSection
	GlobalSection(SolutionProperties) = preSolution
		HideSolutionNode = FALSE
	EndGlobalSection
	GlobalSection(ExtensibilityGlobals) = postSolution
		SolutionGuid = {87870896-2545-4AC8-B371-082710E4EB37}
	EndGlobalSection
EndGlobal
